
Microsoft Visual Studio Solution File, Format Version 12.00
# Visual Studio Version 16
VisualStudioVersion = 16.0.31702.278
MinimumVisualStudioVersion = 10.0.40219.1
Project("{FAE04EC0-301F-11D3-BF4B-00C04F79EFBC}") = "MSTraining-ProductCatalog", "MSTraining-ProductCatalog\MSTraining-ProductCatalog.csproj", "{4320946F-37F0-42C9-BCE6-3910A599D9A6}"
EndProject
Global
	GlobalSection(SolutionConfigurationPlatforms) = preSolution
		Debug|Any CPU = Debug|Any CPU
		Release|Any CPU = Release|Any CPU
	EndGlobalSection
	GlobalSection(ProjectConfigurationPlatforms) = postSolution
		{4320946F-37F0-42C9-BCE6-3910A599D9A6}.Debug|Any CPU.ActiveCfg = Debug|Any CPU
		{4320946F-37F0-42C9-BCE6-3910A599D9A6}.Debug|Any CPU.Build.0 = Debug|Any CPU
		{4320946F-37F0-42C9-BCE6-3910A599D9A6}.Release|Any CPU.ActiveCfg = Release|Any CPU
		{4320946F-37F0-42C9-BCE6-3910A599D9A6}.Release|Any CPU.Build.0 = Release|Any CPU
	EndGlobalSection
	GlobalSection(SolutionProperties) = preSolution
		HideSolutionNode = FALSE
	EndGlobalSection
	GlobalSection(ExtensibilityGlobals) = postSolution
		SolutionGuid = {698FA31E-B017-46A5-974A-BE59C98A1673}
	EndGlobalSection
EndGlobal
